
Microsoft Visual Studio Solution File, Format Version 12.00
# Visual Studio Version 17
VisualStudioVersion = 17.3.32922.545
MinimumVisualStudioVersion = 10.0.40219.1
Project("{8BC9CEB8-8B4A-11D0-8D11-00A0C91BC942}") = "第六章作业", "第六章作业.vcxproj", "{B5D540BD-B6F6-4A0A-8F1F-A652DA4307D4}"
EndProject
Global
	GlobalSection(SolutionConfigurationPlatforms) = preSolution
		Debug|x64 = Debug|x64
		Debug|x86 = Debug|x86
		Release|x64 = Release|x64
		Release|x86 = Release|x86
	EndGlobalSection
	GlobalSection(ProjectConfigurationPlatforms) = postSolution
		{B5D540BD-B6F6-4A0A-8F1F-A652DA4307D4}.Debug|x64.ActiveCfg = Debug|x64
		{B5D540BD-B6F6-4A0A-8F1F-A652DA4307D4}.Debug|x64.Build.0 = Debug|x64
		{B5D540BD-B6F6-4A0A-8F1F-A652DA4307D4}.Debug|x86.ActiveCfg = Debug|Win32
		{B5D540BD-B6F6-4A0A-8F1F-A652DA4307D4}.Debug|x86.Build.0 = Debug|Win32
		{B5D540BD-B6F6-4A0A-8F1F-A652DA4307D4}.Release|x64.ActiveCfg = Release|x64
		{B5D540BD-B6F6-4A0A-8F1F-A652DA4307D4}.Release|x64.Build.0 = Release|x64
		{B5D540BD-B6F6-4A0A-8F1F-A652DA4307D4}.Release|x86.ActiveCfg = Release|Win32
		{B5D540BD-B6F6-4A0A-8F1F-A652DA4307D4}.Release|x86.Build.0 = Release|Win32
	EndGlobalSection
	GlobalSection(SolutionProperties) = preSolution
		HideSolutionNode = FALSE
	EndGlobalSection
	GlobalSection(ExtensibilityGlobals) = postSolution
		SolutionGuid = {E4F64B63-10A4-4FB9-BBA4-1D09281C30E0}
	EndGlobalSection
EndGlobal
