
Microsoft Visual Studio Solution File, Format Version 12.00
# Visual Studio Version 17
VisualStudioVersion = 17.3.32825.248
MinimumVisualStudioVersion = 10.0.40219.1
Project("{8BC9CEB8-8B4A-11D0-8D11-00A0C91BC942}") = "第二章作业3", "第二章作业3.vcxproj", "{60373CA1-E710-4333-B544-E1B025D9EB11}"
EndProject
Global
	GlobalSection(SolutionConfigurationPlatforms) = preSolution
		Debug|x64 = Debug|x64
		Debug|x86 = Debug|x86
		Release|x64 = Release|x64
		Release|x86 = Release|x86
	EndGlobalSection
	GlobalSection(ProjectConfigurationPlatforms) = postSolution
		{60373CA1-E710-4333-B544-E1B025D9EB11}.Debug|x64.ActiveCfg = Debug|x64
		{60373CA1-E710-4333-B544-E1B025D9EB11}.Debug|x64.Build.0 = Debug|x64
		{60373CA1-E710-4333-B544-E1B025D9EB11}.Debug|x86.ActiveCfg = Debug|Win32
		{60373CA1-E710-4333-B544-E1B025D9EB11}.Debug|x86.Build.0 = Debug|Win32
		{60373CA1-E710-4333-B544-E1B025D9EB11}.Release|x64.ActiveCfg = Release|x64
		{60373CA1-E710-4333-B544-E1B025D9EB11}.Release|x64.Build.0 = Release|x64
		{60373CA1-E710-4333-B544-E1B025D9EB11}.Release|x86.ActiveCfg = Release|Win32
		{60373CA1-E710-4333-B544-E1B025D9EB11}.Release|x86.Build.0 = Release|Win32
	EndGlobalSection
	GlobalSection(SolutionProperties) = preSolution
		HideSolutionNode = FALSE
	EndGlobalSection
	GlobalSection(ExtensibilityGlobals) = postSolution
		SolutionGuid = {F853707D-538E-4D0F-9500-89D4FE5BB11F}
	EndGlobalSection
EndGlobal
